
Microsoft Visual Studio Solution File, Format Version 12.00
# Visual Studio Version 16
VisualStudioVersion = 16.0.29230.61
MinimumVisualStudioVersion = 10.0.40219.1
Project("{FAE04EC0-301F-11D3-BF4B-00C04F79EFBC}") = "Registro de errores ZRP1", "Registro de errores ZRP1\Registro de errores ZRP1.csproj", "{D8F294C8-0F06-4201-B7DD-085C030059FA}"
EndProject
Project("{FAE04EC0-301F-11D3-BF4B-00C04F79EFBC}") = "ConsultaCore", "ConsultaCore\ConsultaCore.csproj", "{11D73917-185E-473B-9298-68BF4136E8E8}"
EndProject
Project("{FAE04EC0-301F-11D3-BF4B-00C04F79EFBC}") = "Entities", "Entities\Entities.csproj", "{01FE465B-258A-4541-84FD-5C5D26CAA2E1}"
EndProject
Project("{FAE04EC0-301F-11D3-BF4B-00C04F79EFBC}") = "Test Entities", "Test Entities\Test Entities.csproj", "{DEFCD7C0-97EE-421D-8AB4-799D22F65122}"
EndProject
Global
	GlobalSection(SolutionConfigurationPlatforms) = preSolution
		Debug|Any CPU = Debug|Any CPU
		Release|Any CPU = Release|Any CPU
	EndGlobalSection
	GlobalSection(ProjectConfigurationPlatforms) = postSolution
		{D8F294C8-0F06-4201-B7DD-085C030059FA}.Debug|Any CPU.ActiveCfg = Debug|Any CPU
		{D8F294C8-0F06-4201-B7DD-085C030059FA}.Debug|Any CPU.Build.0 = Debug|Any CPU
		{D8F294C8-0F06-4201-B7DD-085C030059FA}.Release|Any CPU.ActiveCfg = Release|Any CPU
		{D8F294C8-0F06-4201-B7DD-085C030059FA}.Release|Any CPU.Build.0 = Release|Any CPU
		{11D73917-185E-473B-9298-68BF4136E8E8}.Debug|Any CPU.ActiveCfg = Debug|Any CPU
		{11D73917-185E-473B-9298-68BF4136E8E8}.Debug|Any CPU.Build.0 = Debug|Any CPU
		{11D73917-185E-473B-9298-68BF4136E8E8}.Release|Any CPU.ActiveCfg = Release|Any CPU
		{11D73917-185E-473B-9298-68BF4136E8E8}.Release|Any CPU.Build.0 = Release|Any CPU
		{01FE465B-258A-4541-84FD-5C5D26CAA2E1}.Debug|Any CPU.ActiveCfg = Debug|Any CPU
		{01FE465B-258A-4541-84FD-5C5D26CAA2E1}.Debug|Any CPU.Build.0 = Debug|Any CPU
		{01FE465B-258A-4541-84FD-5C5D26CAA2E1}.Release|Any CPU.ActiveCfg = Release|Any CPU
		{01FE465B-258A-4541-84FD-5C5D26CAA2E1}.Release|Any CPU.Build.0 = Release|Any CPU
		{DEFCD7C0-97EE-421D-8AB4-799D22F65122}.Debug|Any CPU.ActiveCfg = Debug|Any CPU
		{DEFCD7C0-97EE-421D-8AB4-799D22F65122}.Debug|Any CPU.Build.0 = Debug|Any CPU
		{DEFCD7C0-97EE-421D-8AB4-799D22F65122}.Release|Any CPU.ActiveCfg = Release|Any CPU
		{DEFCD7C0-97EE-421D-8AB4-799D22F65122}.Release|Any CPU.Build.0 = Release|Any CPU
	EndGlobalSection
	GlobalSection(SolutionProperties) = preSolution
		HideSolutionNode = FALSE
	EndGlobalSection
	GlobalSection(ExtensibilityGlobals) = postSolution
		SolutionGuid = {82112B44-5650-4012-A006-7F72D7D7737C}
		RESX_NeutralResourcesLanguage = es-MX
		RESX_AutoCreateNewLanguageFiles = True
	EndGlobalSection
EndGlobal
