
Microsoft Visual Studio Solution File, Format Version 12.00
# Visual Studio 15
VisualStudioVersion = 15.0.28307.106
MinimumVisualStudioVersion = 10.0.40219.1
Project("{FAE04EC0-301F-11D3-BF4B-00C04F79EFBC}") = "Registro de errores ZRP1", "Registro de errores ZRP1\Registro de errores ZRP1.csproj", "{D8F294C8-0F06-4201-B7DD-085C030059FA}"
EndProject
Project("{FAE04EC0-301F-11D3-BF4B-00C04F79EFBC}") = "Tests", "Tests\Tests.csproj", "{0EE63742-AA8C-4A12-ABC8-E486DD8D51BE}"
EndProject
Global
	GlobalSection(SolutionConfigurationPlatforms) = preSolution
		Debug|Any CPU = Debug|Any CPU
		Release|Any CPU = Release|Any CPU
	EndGlobalSection
	GlobalSection(ProjectConfigurationPlatforms) = postSolution
		{D8F294C8-0F06-4201-B7DD-085C030059FA}.Debug|Any CPU.ActiveCfg = Debug|Any CPU
		{D8F294C8-0F06-4201-B7DD-085C030059FA}.Debug|Any CPU.Build.0 = Debug|Any CPU
		{D8F294C8-0F06-4201-B7DD-085C030059FA}.Release|Any CPU.ActiveCfg = Release|Any CPU
		{D8F294C8-0F06-4201-B7DD-085C030059FA}.Release|Any CPU.Build.0 = Release|Any CPU
		{0EE63742-AA8C-4A12-ABC8-E486DD8D51BE}.Debug|Any CPU.ActiveCfg = Debug|Any CPU
		{0EE63742-AA8C-4A12-ABC8-E486DD8D51BE}.Release|Any CPU.ActiveCfg = Release|Any CPU
		{0EE63742-AA8C-4A12-ABC8-E486DD8D51BE}.Release|Any CPU.Build.0 = Release|Any CPU
	EndGlobalSection
	GlobalSection(SolutionProperties) = preSolution
		HideSolutionNode = FALSE
	EndGlobalSection
	GlobalSection(ExtensibilityGlobals) = postSolution
		RESX_AutoCreateNewLanguageFiles = True
		RESX_NeutralResourcesLanguage = es-MX
		SolutionGuid = {82112B44-5650-4012-A006-7F72D7D7737C}
	EndGlobalSection
EndGlobal
